{
  "name": "gherkin-parse",
  "version": "1.0.0",
  "lockfileVersion": 1,
  "requires": true,
  "dependencies": {
    "cli-table": {
      "version": "0.3.1",
      "resolved": "https://registry.npmjs.org/cli-table/-/cli-table-0.3.1.tgz",
      "integrity": "sha1-9TsFJmqLGguTSz0IIebi3FkUriM=",
      "requires": {
        "colors": "1.0.3"
      },
      "dependencies": {
        "colors": {
          "version": "1.0.3",
          "resolved": "https://registry.npmjs.org/colors/-/colors-1.0.3.tgz",
          "integrity": "sha1-BDP0TYCWgP3rYO0mDxsMJi6CpAs="
        }
      }
    },
    "colors": {
      "version": "1.4.0",
      "resolved": "https://registry.npmjs.org/colors/-/colors-1.4.0.tgz",
      "integrity": "sha512-a+UqTh4kgZg/SlGvfbzDHpgRu7AAQOmmqRHJnxhRZICKFUT91brVhNNt58CMWU9PsBbv3PDCZUHbVxuDiH2mtA=="
    },
    "fill-keys": {
      "version": "1.0.2",
      "resolved": "https://registry.npmjs.org/fill-keys/-/fill-keys-1.0.2.tgz",
      "integrity": "sha1-mo+jb06K1jTjv2tPPIiCVRRS6yA=",
      "requires": {
        "is-object": "~1.0.1",
        "merge-descriptors": "~1.0.0"
      }
    },
    "gherkin": {
      "version": "5.0.1",
      "resolved": "https://registry.npmjs.org/gherkin/-/gherkin-5.0.1.tgz",
      "integrity": "sha1-nkKBbNGIzu/SzHLVZOviz/vfudw="
    },
    "gherkin-assembler": {
      "version": "2.0.1",
      "resolved": "https://registry.npmjs.org/gherkin-assembler/-/gherkin-assembler-2.0.1.tgz",
      "integrity": "sha512-wg5l+Tdkp5/3wZs9wBF9wrP+ajg5J35iJRHfan2nG1iUKbPP5/A81JSvgIS7wBG6wGoyNkKKYWsYpZwhW/p/sQ==",
      "requires": {
        "gherkin-ast": "^1.0.1"
      }
    },
    "gherkin-ast": {
      "version": "1.1.0",
      "resolved": "https://registry.npmjs.org/gherkin-ast/-/gherkin-ast-1.1.0.tgz",
      "integrity": "sha512-c2GPQp7PinK9TDAyRnyHj1BCyq4uk8xV8Ofs4D5dv9mA6CHN+1nZQ4325L98l85N1P0vgg35qVknFQWAI6yglw==",
      "requires": {
        "cli-table": "^0.3.1",
        "colors": "^1.1.2",
        "gherkin": "^5.0.1",
        "proxyquire": "^1.8.0",
        "split-lines": "^1.1.0"
      }
    },
    "is-object": {
      "version": "1.0.1",
      "resolved": "https://registry.npmjs.org/is-object/-/is-object-1.0.1.tgz",
      "integrity": "sha1-iVJojF7C/9awPsyF52ngKQMINHA="
    },
    "merge-descriptors": {
      "version": "1.0.1",
      "resolved": "https://registry.npmjs.org/merge-descriptors/-/merge-descriptors-1.0.1.tgz",
      "integrity": "sha1-sAqqVW3YtEVoFQ7J0blT8/kMu2E="
    },
    "module-not-found-error": {
      "version": "1.0.1",
      "resolved": "https://registry.npmjs.org/module-not-found-error/-/module-not-found-error-1.0.1.tgz",
      "integrity": "sha1-z4tP9PKWQGdNbN0CsOO8UjwrvcA="
    },
    "proxyquire": {
      "version": "1.8.0",
      "resolved": "https://registry.npmjs.org/proxyquire/-/proxyquire-1.8.0.tgz",
      "integrity": "sha1-AtUUpb7ZhvBMuyCTrxZ0FTX3ntw=",
      "requires": {
        "fill-keys": "^1.0.2",
        "module-not-found-error": "^1.0.0",
        "resolve": "~1.1.7"
      }
    },
    "resolve": {
      "version": "1.1.7",
      "resolved": "https://registry.npmjs.org/resolve/-/resolve-1.1.7.tgz",
      "integrity": "sha1-IDEU2CrSxe2ejgQRs5ModeiJ6Xs="
    },
    "split-lines": {
      "version": "1.1.0",
      "resolved": "https://registry.npmjs.org/split-lines/-/split-lines-1.1.0.tgz",
      "integrity": "sha1-Oruo9ZhhQUL5240nq2q4dWYqHgk="
    }
  }
}
